
Microsoft Visual Studio Solution File, Format Version 12.00
# Visual Studio Version 17
VisualStudioVersion = 17.14.36623.8 d17.14
MinimumVisualStudioVersion = 10.0.40219.1
Project("{FAE04EC0-301F-11D3-BF4B-00C04F79EFBC}") = "SearchMvp.Api", "SearchMvp.Api\SearchMvp.Api.csproj", "{B60A0960-E79C-42BF-8C1D-F159293FCDFC}"
EndProject
Global
	GlobalSection(SolutionConfigurationPlatforms) = preSolution
		Debug|Any CPU = Debug|Any CPU
		Release|Any CPU = Release|Any CPU
	EndGlobalSection
	GlobalSection(ProjectConfigurationPlatforms) = postSolution
		{B60A0960-E79C-42BF-8C1D-F159293FCDFC}.Debug|Any CPU.ActiveCfg = Debug|Any CPU
		{B60A0960-E79C-42BF-8C1D-F159293FCDFC}.Debug|Any CPU.Build.0 = Debug|Any CPU
		{B60A0960-E79C-42BF-8C1D-F159293FCDFC}.Release|Any CPU.ActiveCfg = Release|Any CPU
		{B60A0960-E79C-42BF-8C1D-F159293FCDFC}.Release|Any CPU.Build.0 = Release|Any CPU
	EndGlobalSection
	GlobalSection(SolutionProperties) = preSolution
		HideSolutionNode = FALSE
	EndGlobalSection
	GlobalSection(ExtensibilityGlobals) = postSolution
		SolutionGuid = {3E9DBB3B-101E-4DAD-9FDE-C7C9B09B80CE}
	EndGlobalSection
EndGlobal
